# THIS IS AN AUTOGENERATED FILE. DO NOT EDIT THIS FILE DIRECTLY.
# yarn lockfile v1


arg@^5.0.2:
  version "5.0.2"
  resolved "https://registry.yarnpkg.com/arg/-/arg-5.0.2.tgz#c81433cc427c92c4dcf4865142dbca6f15acd59c"
  integrity sha512-PYjyFOLKQ9y57JvQ6QLo8dAgNqswh8M1RMJYdQduT6xbWSgK36P/Z/v+p888pM69jMMfS8Xd8F6I1kQ/I9HUGg==

hyperdyperid@^1.2.0:
  version "1.2.0"
  resolved "https://registry.yarnpkg.com/hyperdyperid/-/hyperdyperid-1.2.0.tgz#59668d323ada92228d2a869d3e474d5a33b69e6b"
  integrity sha512-Y93lCzHYgGWdrJ66yIktxiaGULYc6oGiABxhcO5AufBeOyoIdZF7bIfLaOrbM0iGIOXQQgxxRrFEnb+Y6w1n4A==

json-joy@^9.2.0:
  version "9.9.1"
  resolved "https://registry.yarnpkg.com/json-joy/-/json-joy-9.9.1.tgz#add8f8bdf4f7066894f5ec4817a5a43066a3757f"
  integrity sha512-/d7th2nbQRBQ/nqTkBe6KjjvDciSwn9UICmndwk3Ed/Bk9AqkTRm4PnLVfXG4DKbT0rEY0nKnwE7NqZlqKE6kg==
  dependencies:
    arg "^5.0.2"
    hyperdyperid "^1.2.0"

memfs@^4.6.0:
  version "4.6.0"
  resolved "https://registry.yarnpkg.com/memfs/-/memfs-4.6.0.tgz#e812d438f73482a7110420d13d381c730b9a4de5"
  integrity sha512-I6mhA1//KEZfKRQT9LujyW6lRbX7RkC24xKododIDO3AGShcaFAMKElv1yFGWX8fD4UaSiwasr3NeQ5TdtHY1A==
  dependencies:
    json-joy "^9.2.0"
    thingies "^1.11.1"

thingies@^1.11.1:
  version "1.14.2"
  resolved "https://registry.yarnpkg.com/thingies/-/thingies-1.14.2.tgz#44787233f2b99aac84e398a40d74a5107125d96d"
  integrity sha512-sbwAaWmbosdmuDJH3xfQXoUmgGOcrhC1YPAqN5kHEyylQpnm5DadUC2lgYb7fvLGgAf3RlwOp9f9qZ65Lh9iqA==
