# THIS IS AN AUTOGENERATED FILE. DO NOT EDIT THIS FILE DIRECTLY.
# yarn lockfile v1


"@faker-js/faker@^8.3.1":
  version "8.3.1"
  resolved "https://registry.yarnpkg.com/@faker-js/faker/-/faker-8.3.1.tgz#7753df0cb88d7649becf984a96dd1bd0a26f43e3"
  integrity sha512-FdgpFxY6V6rLZE9mmIBb9hM0xpfvQOSNOLnzolzKwsE1DH+gC7lEKV1p1IbR0lAYyvYd5a4u3qWJzowUkw1bIw==

faker@^6.6.6:
  version "6.6.6"
  resolved "https://registry.yarnpkg.com/faker/-/faker-6.6.6.tgz#e9529da0109dca4c7c5dbfeaadbd9234af943033"
  integrity sha512-9tCqYEDHI5RYFQigXFwF1hnCwcWCOJl/hmll0lr5D2Ljjb0o4wphb69wikeJDz5qCEzXCoPvG6ss5SDP6IfOdg==

package-lock.json@^1.0.0:
  version "1.0.0"
  resolved "https://registry.yarnpkg.com/package-lock.json/-/package-lock.json-1.0.0.tgz#c4448dcd4c5a1e176b5285de4d837adb1129d437"
  integrity sha512-+yEXtNdlCs5N0Zy/9uvkifgf/RqnGu0WqP4j9Wu1Us4YReFe1YNBh2Krmf8B1xGxjpYnta63K55QP8bkafnOzA==
